
Microsoft Visual Studio Solution File, Format Version 12.00
# Visual Studio 15
VisualStudioVersion = 15.0.28307.329
MinimumVisualStudioVersion = 10.0.40219.1
Project("{FAE04EC0-301F-11D3-BF4B-00C04F79EFBC}") = "Public.Debugging.Research", "Public.Debugging.Research\Public.Debugging.Research.csproj", "{75473513-D586-4FBE-B82B-C6D143D9FA98}"
EndProject
Project("{FAE04EC0-301F-11D3-BF4B-00C04F79EFBC}") = "Public.Exchange.Research", "Public.Exchange.Research\Public.Exchange.Research.csproj", "{D50EB927-B4FA-46A8-BE94-47A2B5B1B2C5}"
EndProject
Project("{FAE04EC0-301F-11D3-BF4B-00C04F79EFBC}") = "Public.Extensions.Research", "Public.Extensions.Research\Public.Extensions.Research.csproj", "{8C942274-9FDF-4BE6-82DE-2DD981B21875}"
EndProject
Project("{FAE04EC0-301F-11D3-BF4B-00C04F79EFBC}") = "Public.PowerShell.Research", "Public.PowerShell.Research\Public.PowerShell.Research.csproj", "{D770CD0C-8638-49B5-AFD2-78F9D7972C82}"
EndProject
Project("{FAE04EC0-301F-11D3-BF4B-00C04F79EFBC}") = "Public.WindowsWorkflows.Research", "Public.WindowsWorkflows.Research\Public.WindowsWorkflows.Research.csproj", "{CBDAE380-439A-47E8-A298-E5872F6BCF3E}"
EndProject
Project("{FAE04EC0-301F-11D3-BF4B-00C04F79EFBC}") = "Public.Activities.Research", "Public.Activities.Research\Public.Activities.Research.csproj", "{4467B32F-A54C-44EE-82BC-B88C130F47B9}"
EndProject
Project("{FAE04EC0-301F-11D3-BF4B-00C04F79EFBC}") = "Felsökning.Fermion", "Felsökning.Fermion\Felsökning.Fermion.csproj", "{7A6A5010-5581-4FBD-9030-3A26C2B57638}"
EndProject
Project("{FAE04EC0-301F-11D3-BF4B-00C04F79EFBC}") = "Felsökning.Services.ShadowService", "Felsökning.Services.ShadowService\Felsökning.Services.ShadowService.csproj", "{BEB210D8-261D-45B8-9F33-CEE09116F337}"
EndProject
Global
	GlobalSection(SolutionConfigurationPlatforms) = preSolution
		Debug|Any CPU = Debug|Any CPU
		Debug|x64 = Debug|x64
		Release|Any CPU = Release|Any CPU
		Release|x64 = Release|x64
	EndGlobalSection
	GlobalSection(ProjectConfigurationPlatforms) = postSolution
		{75473513-D586-4FBE-B82B-C6D143D9FA98}.Debug|Any CPU.ActiveCfg = Debug|x64
		{75473513-D586-4FBE-B82B-C6D143D9FA98}.Debug|Any CPU.Build.0 = Debug|x64
		{75473513-D586-4FBE-B82B-C6D143D9FA98}.Debug|x64.ActiveCfg = Debug|x64
		{75473513-D586-4FBE-B82B-C6D143D9FA98}.Debug|x64.Build.0 = Debug|x64
		{75473513-D586-4FBE-B82B-C6D143D9FA98}.Release|Any CPU.ActiveCfg = Release|Any CPU
		{75473513-D586-4FBE-B82B-C6D143D9FA98}.Release|Any CPU.Build.0 = Release|Any CPU
		{75473513-D586-4FBE-B82B-C6D143D9FA98}.Release|x64.ActiveCfg = Release|x64
		{75473513-D586-4FBE-B82B-C6D143D9FA98}.Release|x64.Build.0 = Release|x64
		{D50EB927-B4FA-46A8-BE94-47A2B5B1B2C5}.Debug|Any CPU.ActiveCfg = Debug|x64
		{D50EB927-B4FA-46A8-BE94-47A2B5B1B2C5}.Debug|Any CPU.Build.0 = Debug|x64
		{D50EB927-B4FA-46A8-BE94-47A2B5B1B2C5}.Debug|x64.ActiveCfg = Debug|x64
		{D50EB927-B4FA-46A8-BE94-47A2B5B1B2C5}.Debug|x64.Build.0 = Debug|x64
		{D50EB927-B4FA-46A8-BE94-47A2B5B1B2C5}.Release|Any CPU.ActiveCfg = Release|Any CPU
		{D50EB927-B4FA-46A8-BE94-47A2B5B1B2C5}.Release|Any CPU.Build.0 = Release|Any CPU
		{D50EB927-B4FA-46A8-BE94-47A2B5B1B2C5}.Release|x64.ActiveCfg = Release|x64
		{D50EB927-B4FA-46A8-BE94-47A2B5B1B2C5}.Release|x64.Build.0 = Release|x64
		{8C942274-9FDF-4BE6-82DE-2DD981B21875}.Debug|Any CPU.ActiveCfg = Debug|x64
		{8C942274-9FDF-4BE6-82DE-2DD981B21875}.Debug|Any CPU.Build.0 = Debug|x64
		{8C942274-9FDF-4BE6-82DE-2DD981B21875}.Debug|x64.ActiveCfg = Debug|x64
		{8C942274-9FDF-4BE6-82DE-2DD981B21875}.Debug|x64.Build.0 = Debug|x64
		{8C942274-9FDF-4BE6-82DE-2DD981B21875}.Release|Any CPU.ActiveCfg = Release|Any CPU
		{8C942274-9FDF-4BE6-82DE-2DD981B21875}.Release|Any CPU.Build.0 = Release|Any CPU
		{8C942274-9FDF-4BE6-82DE-2DD981B21875}.Release|x64.ActiveCfg = Release|Any CPU
		{8C942274-9FDF-4BE6-82DE-2DD981B21875}.Release|x64.Build.0 = Release|Any CPU
		{D770CD0C-8638-49B5-AFD2-78F9D7972C82}.Debug|Any CPU.ActiveCfg = Debug|x64
		{D770CD0C-8638-49B5-AFD2-78F9D7972C82}.Debug|Any CPU.Build.0 = Debug|x64
		{D770CD0C-8638-49B5-AFD2-78F9D7972C82}.Debug|x64.ActiveCfg = Debug|x64
		{D770CD0C-8638-49B5-AFD2-78F9D7972C82}.Debug|x64.Build.0 = Debug|x64
		{D770CD0C-8638-49B5-AFD2-78F9D7972C82}.Release|Any CPU.ActiveCfg = Release|Any CPU
		{D770CD0C-8638-49B5-AFD2-78F9D7972C82}.Release|Any CPU.Build.0 = Release|Any CPU
		{D770CD0C-8638-49B5-AFD2-78F9D7972C82}.Release|x64.ActiveCfg = Release|Any CPU
		{D770CD0C-8638-49B5-AFD2-78F9D7972C82}.Release|x64.Build.0 = Release|Any CPU
		{CBDAE380-439A-47E8-A298-E5872F6BCF3E}.Debug|Any CPU.ActiveCfg = Debug|x64
		{CBDAE380-439A-47E8-A298-E5872F6BCF3E}.Debug|Any CPU.Build.0 = Debug|x64
		{CBDAE380-439A-47E8-A298-E5872F6BCF3E}.Debug|x64.ActiveCfg = Debug|x64
		{CBDAE380-439A-47E8-A298-E5872F6BCF3E}.Debug|x64.Build.0 = Debug|x64
		{CBDAE380-439A-47E8-A298-E5872F6BCF3E}.Release|Any CPU.ActiveCfg = Release|Any CPU
		{CBDAE380-439A-47E8-A298-E5872F6BCF3E}.Release|Any CPU.Build.0 = Release|Any CPU
		{CBDAE380-439A-47E8-A298-E5872F6BCF3E}.Release|x64.ActiveCfg = Release|Any CPU
		{CBDAE380-439A-47E8-A298-E5872F6BCF3E}.Release|x64.Build.0 = Release|Any CPU
		{4467B32F-A54C-44EE-82BC-B88C130F47B9}.Debug|Any CPU.ActiveCfg = Debug|x64
		{4467B32F-A54C-44EE-82BC-B88C130F47B9}.Debug|Any CPU.Build.0 = Debug|x64
		{4467B32F-A54C-44EE-82BC-B88C130F47B9}.Debug|x64.ActiveCfg = Debug|x64
		{4467B32F-A54C-44EE-82BC-B88C130F47B9}.Debug|x64.Build.0 = Debug|x64
		{4467B32F-A54C-44EE-82BC-B88C130F47B9}.Release|Any CPU.ActiveCfg = Release|Any CPU
		{4467B32F-A54C-44EE-82BC-B88C130F47B9}.Release|Any CPU.Build.0 = Release|Any CPU
		{4467B32F-A54C-44EE-82BC-B88C130F47B9}.Release|x64.ActiveCfg = Release|Any CPU
		{4467B32F-A54C-44EE-82BC-B88C130F47B9}.Release|x64.Build.0 = Release|Any CPU
		{7A6A5010-5581-4FBD-9030-3A26C2B57638}.Debug|Any CPU.ActiveCfg = Debug|Any CPU
		{7A6A5010-5581-4FBD-9030-3A26C2B57638}.Debug|Any CPU.Build.0 = Debug|Any CPU
		{7A6A5010-5581-4FBD-9030-3A26C2B57638}.Debug|x64.ActiveCfg = Debug|Any CPU
		{7A6A5010-5581-4FBD-9030-3A26C2B57638}.Debug|x64.Build.0 = Debug|Any CPU
		{7A6A5010-5581-4FBD-9030-3A26C2B57638}.Release|Any CPU.ActiveCfg = Release|Any CPU
		{7A6A5010-5581-4FBD-9030-3A26C2B57638}.Release|Any CPU.Build.0 = Release|Any CPU
		{7A6A5010-5581-4FBD-9030-3A26C2B57638}.Release|x64.ActiveCfg = Release|Any CPU
		{7A6A5010-5581-4FBD-9030-3A26C2B57638}.Release|x64.Build.0 = Release|Any CPU
		{BEB210D8-261D-45B8-9F33-CEE09116F337}.Debug|Any CPU.ActiveCfg = Debug|Any CPU
		{BEB210D8-261D-45B8-9F33-CEE09116F337}.Debug|Any CPU.Build.0 = Debug|Any CPU
		{BEB210D8-261D-45B8-9F33-CEE09116F337}.Debug|x64.ActiveCfg = Debug|Any CPU
		{BEB210D8-261D-45B8-9F33-CEE09116F337}.Debug|x64.Build.0 = Debug|Any CPU
		{BEB210D8-261D-45B8-9F33-CEE09116F337}.Release|Any CPU.ActiveCfg = Release|Any CPU
		{BEB210D8-261D-45B8-9F33-CEE09116F337}.Release|Any CPU.Build.0 = Release|Any CPU
		{BEB210D8-261D-45B8-9F33-CEE09116F337}.Release|x64.ActiveCfg = Release|Any CPU
		{BEB210D8-261D-45B8-9F33-CEE09116F337}.Release|x64.Build.0 = Release|Any CPU
	EndGlobalSection
	GlobalSection(SolutionProperties) = preSolution
		HideSolutionNode = FALSE
	EndGlobalSection
	GlobalSection(ExtensibilityGlobals) = postSolution
		SolutionGuid = {0191C426-87ED-4E0A-AF6B-91D95C956A03}
	EndGlobalSection
EndGlobal
